Microsoft Visual Studio Solution File, Format Version 12.00
# Visual Studio Version 17
VisualStudioVersion = 17.5.2.0
MinimumVisualStudioVersion = 10.0.40219.1
Project("{FAE04EC0-301F-11D3-BF4B-00C04F79EFBC}") = "IPCheckr.Api", "IPCheckr.Api.csproj", "{4654EBB6-CF91-1069-04CA-6FE5702D37FB}"
EndProject
Global
	GlobalSection(SolutionConfigurationPlatforms) = preSolution
		Debug|Any CPU = Debug|Any CPU
		Release|Any CPU = Release|Any CPU
	EndGlobalSection
	GlobalSection(ProjectConfigurationPlatforms) = postSolution
		{4654EBB6-CF91-1069-04CA-6FE5702D37FB}.Debug|Any CPU.ActiveCfg = Debug|Any CPU
		{4654EBB6-CF91-1069-04CA-6FE5702D37FB}.Debug|Any CPU.Build.0 = Debug|Any CPU
		{4654EBB6-CF91-1069-04CA-6FE5702D37FB}.Release|Any CPU.ActiveCfg = Release|Any CPU
		{4654EBB6-CF91-1069-04CA-6FE5702D37FB}.Release|Any CPU.Build.0 = Release|Any CPU
	EndGlobalSection
	GlobalSection(SolutionProperties) = preSolution
		HideSolutionNode = FALSE
	EndGlobalSection
	GlobalSection(ExtensibilityGlobals) = postSolution
		SolutionGuid = {2752B87B-528D-4B5B-8B8D-77D422AFDDB0}
	EndGlobalSection
EndGlobal
